
Microsoft Visual Studio Solution File, Format Version 12.00
# Visual Studio Version 17
VisualStudioVersion = 17.13.35825.156
MinimumVisualStudioVersion = 10.0.40219.1
Project("{FAE04EC0-301F-11D3-BF4B-00C04F79EFBC}") = "Movies.API", "Movies.API\Movies.API.csproj", "{B420E3DE-F891-46CC-AE71-0C8E9F33237A}"
EndProject
Project("{FAE04EC0-301F-11D3-BF4B-00C04F79EFBC}") = "IdentityServer", "IdentityServer\IdentityServer.csproj", "{7C4510FD-717C-4617-BEC6-778C10E2D679}"
EndProject
Project("{FAE04EC0-301F-11D3-BF4B-00C04F79EFBC}") = "Movies.Client", "Movies.Client\Movies.Client.csproj", "{AF7DD541-BFDA-42CA-B30C-FFDD2B9B26E4}"
EndProject
Project("{FAE04EC0-301F-11D3-BF4B-00C04F79EFBC}") = "ApiGateway", "ApiGateway\ApiGateway.csproj", "{A594D978-B16B-4BB2-A4F7-240AF2EEEFEE}"
EndProject
Global
	GlobalSection(SolutionConfigurationPlatforms) = preSolution
		Debug|Any CPU = Debug|Any CPU
		Release|Any CPU = Release|Any CPU
	EndGlobalSection
	GlobalSection(ProjectConfigurationPlatforms) = postSolution
		{B420E3DE-F891-46CC-AE71-0C8E9F33237A}.Debug|Any CPU.ActiveCfg = Debug|Any CPU
		{B420E3DE-F891-46CC-AE71-0C8E9F33237A}.Debug|Any CPU.Build.0 = Debug|Any CPU
		{B420E3DE-F891-46CC-AE71-0C8E9F33237A}.Release|Any CPU.ActiveCfg = Release|Any CPU
		{B420E3DE-F891-46CC-AE71-0C8E9F33237A}.Release|Any CPU.Build.0 = Release|Any CPU
		{7C4510FD-717C-4617-BEC6-778C10E2D679}.Debug|Any CPU.ActiveCfg = Debug|Any CPU
		{7C4510FD-717C-4617-BEC6-778C10E2D679}.Debug|Any CPU.Build.0 = Debug|Any CPU
		{7C4510FD-717C-4617-BEC6-778C10E2D679}.Release|Any CPU.ActiveCfg = Release|Any CPU
		{7C4510FD-717C-4617-BEC6-778C10E2D679}.Release|Any CPU.Build.0 = Release|Any CPU
		{AF7DD541-BFDA-42CA-B30C-FFDD2B9B26E4}.Debug|Any CPU.ActiveCfg = Debug|Any CPU
		{AF7DD541-BFDA-42CA-B30C-FFDD2B9B26E4}.Debug|Any CPU.Build.0 = Debug|Any CPU
		{AF7DD541-BFDA-42CA-B30C-FFDD2B9B26E4}.Release|Any CPU.ActiveCfg = Release|Any CPU
		{AF7DD541-BFDA-42CA-B30C-FFDD2B9B26E4}.Release|Any CPU.Build.0 = Release|Any CPU
		{A594D978-B16B-4BB2-A4F7-240AF2EEEFEE}.Debug|Any CPU.ActiveCfg = Debug|Any CPU
		{A594D978-B16B-4BB2-A4F7-240AF2EEEFEE}.Debug|Any CPU.Build.0 = Debug|Any CPU
		{A594D978-B16B-4BB2-A4F7-240AF2EEEFEE}.Release|Any CPU.ActiveCfg = Release|Any CPU
		{A594D978-B16B-4BB2-A4F7-240AF2EEEFEE}.Release|Any CPU.Build.0 = Release|Any CPU
	EndGlobalSection
	GlobalSection(SolutionProperties) = preSolution
		HideSolutionNode = FALSE
	EndGlobalSection
	GlobalSection(ExtensibilityGlobals) = postSolution
		SolutionGuid = {2330F105-6B69-4829-987E-40AC69C6575D}
	EndGlobalSection
EndGlobal
